
Microsoft Visual Studio Solution File, Format Version 12.00
# Visual Studio Version 17
VisualStudioVersion = 17.0.31912.275
MinimumVisualStudioVersion = 10.0.40219.1
Project("{8BC9CEB8-8B4A-11D0-8D11-00A0C91BC942}") = "L11_1 Kalyshev", "L11_1 Kalyshev\L11_1 Kalyshev.vcxproj", "{2C548F4D-49DA-461C-AB1A-6EA4714254E2}"
EndProject
Project("{8BC9CEB8-8B4A-11D0-8D11-00A0C91BC942}") = "L11_2 Kalyshev", "L11_2 Kalyshev\L11_2 Kalyshev.vcxproj", "{74D59D83-C725-44AD-BEE5-9AD9DB3AD93F}"
EndProject
Project("{8BC9CEB8-8B4A-11D0-8D11-00A0C91BC942}") = "L11_3 Kalyshev", "L11_3 Kalyshev\L11_3 Kalyshev.vcxproj", "{DC676680-1873-4900-AAAC-F3BB04813113}"
EndProject
Project("{8BC9CEB8-8B4A-11D0-8D11-00A0C91BC942}") = "L11_4 Kalyshev", "L11_4 Kalyshev\L11_4 Kalyshev.vcxproj", "{E402906F-7E63-407B-953F-0FC4E2C45044}"
EndProject
Project("{8BC9CEB8-8B4A-11D0-8D11-00A0C91BC942}") = "L11_5 Kalyshev", "L11_5 Kalyshev\L11_5 Kalyshev.vcxproj", "{A7A575FC-0BB2-430E-A4ED-1FDB5FA7E77E}"
EndProject
Project("{8BC9CEB8-8B4A-11D0-8D11-00A0C91BC942}") = "L11_6 Kalyshev", "L11_6 Kalyshev\L11_6 Kalyshev.vcxproj", "{DE4F431E-1F61-4CE7-ACAB-9FEBD14892E8}"
EndProject
Project("{8BC9CEB8-8B4A-11D0-8D11-00A0C91BC942}") = "L11_7 Kalyshev", "L11_7 Kalyshev\L11_7 Kalyshev.vcxproj", "{7C0D9E6A-F85E-4D22-BCD5-A9CCA22D000B}"
EndProject
Project("{8BC9CEB8-8B4A-11D0-8D11-00A0C91BC942}") = "L11_8 Kalyshev", "L11_8 Kalyshev\L11_8 Kalyshev.vcxproj", "{9A74B948-025E-4660-9C3B-A3493B2E522C}"
EndProject
Project("{8BC9CEB8-8B4A-11D0-8D11-00A0C91BC942}") = "L11_13 Kalyshev", "L11_13 Kalyshev\L11_13 Kalyshev.vcxproj", "{975F5C37-D88C-41A7-B1D1-5D4EA5BA411D}"
EndProject
Project("{8BC9CEB8-8B4A-11D0-8D11-00A0C91BC942}") = "L11_14 Kalyshev", "L11_14 Kalyshev\L11_14 Kalyshev.vcxproj", "{77A7C943-5FC1-4465-B82F-318CBAC535E2}"
EndProject
Project("{8BC9CEB8-8B4A-11D0-8D11-00A0C91BC942}") = "L11_15 Kalyshev", "L11_15 Kalyshev\L11_15 Kalyshev.vcxproj", "{1E871B85-5586-4068-95C8-C7EDC1CE1338}"
EndProject
Project("{8BC9CEB8-8B4A-11D0-8D11-00A0C91BC942}") = "L11_16 Kalyshev", "L11_16 Kalyshev\L11_16 Kalyshev.vcxproj", "{A93002A0-0CA9-4021-92FD-418A7BB49031}"
EndProject
Project("{8BC9CEB8-8B4A-11D0-8D11-00A0C91BC942}") = "L11_DZ Kalyshev", "L11_DZ Kalyshev\L11_DZ Kalyshev.vcxproj", "{250B240D-BD79-4F79-91FD-E878D7E8E776}"
EndProject
Global
	GlobalSection(SolutionConfigurationPlatforms) = preSolution
		Debug|x64 = Debug|x64
		Debug|x86 = Debug|x86
		Release|x64 = Release|x64
		Release|x86 = Release|x86
	EndGlobalSection
	GlobalSection(ProjectConfigurationPlatforms) = postSolution
		{2C548F4D-49DA-461C-AB1A-6EA4714254E2}.Debug|x64.ActiveCfg = Debug|x64
		{2C548F4D-49DA-461C-AB1A-6EA4714254E2}.Debug|x64.Build.0 = Debug|x64
		{2C548F4D-49DA-461C-AB1A-6EA4714254E2}.Debug|x86.ActiveCfg = Debug|Win32
		{2C548F4D-49DA-461C-AB1A-6EA4714254E2}.Debug|x86.Build.0 = Debug|Win32
		{2C548F4D-49DA-461C-AB1A-6EA4714254E2}.Release|x64.ActiveCfg = Release|x64
		{2C548F4D-49DA-461C-AB1A-6EA4714254E2}.Release|x64.Build.0 = Release|x64
		{2C548F4D-49DA-461C-AB1A-6EA4714254E2}.Release|x86.ActiveCfg = Release|Win32
		{2C548F4D-49DA-461C-AB1A-6EA4714254E2}.Release|x86.Build.0 = Release|Win32
		{74D59D83-C725-44AD-BEE5-9AD9DB3AD93F}.Debug|x64.ActiveCfg = Debug|x64
		{74D59D83-C725-44AD-BEE5-9AD9DB3AD93F}.Debug|x64.Build.0 = Debug|x64
		{74D59D83-C725-44AD-BEE5-9AD9DB3AD93F}.Debug|x86.ActiveCfg = Debug|Win32
		{74D59D83-C725-44AD-BEE5-9AD9DB3AD93F}.Debug|x86.Build.0 = Debug|Win32
		{74D59D83-C725-44AD-BEE5-9AD9DB3AD93F}.Release|x64.ActiveCfg = Release|x64
		{74D59D83-C725-44AD-BEE5-9AD9DB3AD93F}.Release|x64.Build.0 = Release|x64
		{74D59D83-C725-44AD-BEE5-9AD9DB3AD93F}.Release|x86.ActiveCfg = Release|Win32
		{74D59D83-C725-44AD-BEE5-9AD9DB3AD93F}.Release|x86.Build.0 = Release|Win32
		{DC676680-1873-4900-AAAC-F3BB04813113}.Debug|x64.ActiveCfg = Debug|x64
		{DC676680-1873-4900-AAAC-F3BB04813113}.Debug|x64.Build.0 = Debug|x64
		{DC676680-1873-4900-AAAC-F3BB04813113}.Debug|x86.ActiveCfg = Debug|Win32
		{DC676680-1873-4900-AAAC-F3BB04813113}.Debug|x86.Build.0 = Debug|Win32
		{DC676680-1873-4900-AAAC-F3BB04813113}.Release|x64.ActiveCfg = Release|x64
		{DC676680-1873-4900-AAAC-F3BB04813113}.Release|x64.Build.0 = Release|x64
		{DC676680-1873-4900-AAAC-F3BB04813113}.Release|x86.ActiveCfg = Release|Win32
		{DC676680-1873-4900-AAAC-F3BB04813113}.Release|x86.Build.0 = Release|Win32
		{E402906F-7E63-407B-953F-0FC4E2C45044}.Debug|x64.ActiveCfg = Debug|x64
		{E402906F-7E63-407B-953F-0FC4E2C45044}.Debug|x64.Build.0 = Debug|x64
		{E402906F-7E63-407B-953F-0FC4E2C45044}.Debug|x86.ActiveCfg = Debug|Win32
		{E402906F-7E63-407B-953F-0FC4E2C45044}.Debug|x86.Build.0 = Debug|Win32
		{E402906F-7E63-407B-953F-0FC4E2C45044}.Release|x64.ActiveCfg = Release|x64
		{E402906F-7E63-407B-953F-0FC4E2C45044}.Release|x64.Build.0 = Release|x64
		{E402906F-7E63-407B-953F-0FC4E2C45044}.Release|x86.ActiveCfg = Release|Win32
		{E402906F-7E63-407B-953F-0FC4E2C45044}.Release|x86.Build.0 = Release|Win32
		{A7A575FC-0BB2-430E-A4ED-1FDB5FA7E77E}.Debug|x64.ActiveCfg = Debug|x64
		{A7A575FC-0BB2-430E-A4ED-1FDB5FA7E77E}.Debug|x64.Build.0 = Debug|x64
		{A7A575FC-0BB2-430E-A4ED-1FDB5FA7E77E}.Debug|x86.ActiveCfg = Debug|Win32
		{A7A575FC-0BB2-430E-A4ED-1FDB5FA7E77E}.Debug|x86.Build.0 = Debug|Win32
		{A7A575FC-0BB2-430E-A4ED-1FDB5FA7E77E}.Release|x64.ActiveCfg = Release|x64
		{A7A575FC-0BB2-430E-A4ED-1FDB5FA7E77E}.Release|x64.Build.0 = Release|x64
		{A7A575FC-0BB2-430E-A4ED-1FDB5FA7E77E}.Release|x86.ActiveCfg = Release|Win32
		{A7A575FC-0BB2-430E-A4ED-1FDB5FA7E77E}.Release|x86.Build.0 = Release|Win32
		{DE4F431E-1F61-4CE7-ACAB-9FEBD14892E8}.Debug|x64.ActiveCfg = Debug|x64
		{DE4F431E-1F61-4CE7-ACAB-9FEBD14892E8}.Debug|x64.Build.0 = Debug|x64
		{DE4F431E-1F61-4CE7-ACAB-9FEBD14892E8}.Debug|x86.ActiveCfg = Debug|Win32
		{DE4F431E-1F61-4CE7-ACAB-9FEBD14892E8}.Debug|x86.Build.0 = Debug|Win32
		{DE4F431E-1F61-4CE7-ACAB-9FEBD14892E8}.Release|x64.ActiveCfg = Release|x64
		{DE4F431E-1F61-4CE7-ACAB-9FEBD14892E8}.Release|x64.Build.0 = Release|x64
		{DE4F431E-1F61-4CE7-ACAB-9FEBD14892E8}.Release|x86.ActiveCfg = Release|Win32
		{DE4F431E-1F61-4CE7-ACAB-9FEBD14892E8}.Release|x86.Build.0 = Release|Win32
		{7C0D9E6A-F85E-4D22-BCD5-A9CCA22D000B}.Debug|x64.ActiveCfg = Debug|x64
		{7C0D9E6A-F85E-4D22-BCD5-A9CCA22D000B}.Debug|x64.Build.0 = Debug|x64
		{7C0D9E6A-F85E-4D22-BCD5-A9CCA22D000B}.Debug|x86.ActiveCfg = Debug|Win32
		{7C0D9E6A-F85E-4D22-BCD5-A9CCA22D000B}.Debug|x86.Build.0 = Debug|Win32
		{7C0D9E6A-F85E-4D22-BCD5-A9CCA22D000B}.Release|x64.ActiveCfg = Release|x64
		{7C0D9E6A-F85E-4D22-BCD5-A9CCA22D000B}.Release|x64.Build.0 = Release|x64
		{7C0D9E6A-F85E-4D22-BCD5-A9CCA22D000B}.Release|x86.ActiveCfg = Release|Win32
		{7C0D9E6A-F85E-4D22-BCD5-A9CCA22D000B}.Release|x86.Build.0 = Release|Win32
		{9A74B948-025E-4660-9C3B-A3493B2E522C}.Debug|x64.ActiveCfg = Debug|x64
		{9A74B948-025E-4660-9C3B-A3493B2E522C}.Debug|x64.Build.0 = Debug|x64
		{9A74B948-025E-4660-9C3B-A3493B2E522C}.Debug|x86.ActiveCfg = Debug|Win32
		{9A74B948-025E-4660-9C3B-A3493B2E522C}.Debug|x86.Build.0 = Debug|Win32
		{9A74B948-025E-4660-9C3B-A3493B2E522C}.Release|x64.ActiveCfg = Release|x64
		{9A74B948-025E-4660-9C3B-A3493B2E522C}.Release|x64.Build.0 = Release|x64
		{9A74B948-025E-4660-9C3B-A3493B2E522C}.Release|x86.ActiveCfg = Release|Win32
		{9A74B948-025E-4660-9C3B-A3493B2E522C}.Release|x86.Build.0 = Release|Win32
		{975F5C37-D88C-41A7-B1D1-5D4EA5BA411D}.Debug|x64.ActiveCfg = Debug|x64
		{975F5C37-D88C-41A7-B1D1-5D4EA5BA411D}.Debug|x64.Build.0 = Debug|x64
		{975F5C37-D88C-41A7-B1D1-5D4EA5BA411D}.Debug|x86.ActiveCfg = Debug|Win32
		{975F5C37-D88C-41A7-B1D1-5D4EA5BA411D}.Debug|x86.Build.0 = Debug|Win32
		{975F5C37-D88C-41A7-B1D1-5D4EA5BA411D}.Release|x64.ActiveCfg = Release|x64
		{975F5C37-D88C-41A7-B1D1-5D4EA5BA411D}.Release|x64.Build.0 = Release|x64
		{975F5C37-D88C-41A7-B1D1-5D4EA5BA411D}.Release|x86.ActiveCfg = Release|Win32
		{975F5C37-D88C-41A7-B1D1-5D4EA5BA411D}.Release|x86.Build.0 = Release|Win32
		{77A7C943-5FC1-4465-B82F-318CBAC535E2}.Debug|x64.ActiveCfg = Debug|x64
		{77A7C943-5FC1-4465-B82F-318CBAC535E2}.Debug|x64.Build.0 = Debug|x64
		{77A7C943-5FC1-4465-B82F-318CBAC535E2}.Debug|x86.ActiveCfg = Debug|Win32
		{77A7C943-5FC1-4465-B82F-318CBAC535E2}.Debug|x86.Build.0 = Debug|Win32
		{77A7C943-5FC1-4465-B82F-318CBAC535E2}.Release|x64.ActiveCfg = Release|x64
		{77A7C943-5FC1-4465-B82F-318CBAC535E2}.Release|x64.Build.0 = Release|x64
		{77A7C943-5FC1-4465-B82F-318CBAC535E2}.Release|x86.ActiveCfg = Release|Win32
		{77A7C943-5FC1-4465-B82F-318CBAC535E2}.Release|x86.Build.0 = Release|Win32
		{1E871B85-5586-4068-95C8-C7EDC1CE1338}.Debug|x64.ActiveCfg = Debug|x64
		{1E871B85-5586-4068-95C8-C7EDC1CE1338}.Debug|x64.Build.0 = Debug|x64
		{1E871B85-5586-4068-95C8-C7EDC1CE1338}.Debug|x86.ActiveCfg = Debug|Win32
		{1E871B85-5586-4068-95C8-C7EDC1CE1338}.Debug|x86.Build.0 = Debug|Win32
		{1E871B85-5586-4068-95C8-C7EDC1CE1338}.Release|x64.ActiveCfg = Release|x64
		{1E871B85-5586-4068-95C8-C7EDC1CE1338}.Release|x64.Build.0 = Release|x64
		{1E871B85-5586-4068-95C8-C7EDC1CE1338}.Release|x86.ActiveCfg = Release|Win32
		{1E871B85-5586-4068-95C8-C7EDC1CE1338}.Release|x86.Build.0 = Release|Win32
		{A93002A0-0CA9-4021-92FD-418A7BB49031}.Debug|x64.ActiveCfg = Debug|x64
		{A93002A0-0CA9-4021-92FD-418A7BB49031}.Debug|x64.Build.0 = Debug|x64
		{A93002A0-0CA9-4021-92FD-418A7BB49031}.Debug|x86.ActiveCfg = Debug|Win32
		{A93002A0-0CA9-4021-92FD-418A7BB49031}.Debug|x86.Build.0 = Debug|Win32
		{A93002A0-0CA9-4021-92FD-418A7BB49031}.Release|x64.ActiveCfg = Release|x64
		{A93002A0-0CA9-4021-92FD-418A7BB49031}.Release|x64.Build.0 = Release|x64
		{A93002A0-0CA9-4021-92FD-418A7BB49031}.Release|x86.ActiveCfg = Release|Win32
		{A93002A0-0CA9-4021-92FD-418A7BB49031}.Release|x86.Build.0 = Release|Win32
		{250B240D-BD79-4F79-91FD-E878D7E8E776}.Debug|x64.ActiveCfg = Debug|x64
		{250B240D-BD79-4F79-91FD-E878D7E8E776}.Debug|x64.Build.0 = Debug|x64
		{250B240D-BD79-4F79-91FD-E878D7E8E776}.Debug|x86.ActiveCfg = Debug|Win32
		{250B240D-BD79-4F79-91FD-E878D7E8E776}.Debug|x86.Build.0 = Debug|Win32
		{250B240D-BD79-4F79-91FD-E878D7E8E776}.Release|x64.ActiveCfg = Release|x64
		{250B240D-BD79-4F79-91FD-E878D7E8E776}.Release|x64.Build.0 = Release|x64
		{250B240D-BD79-4F79-91FD-E878D7E8E776}.Release|x86.ActiveCfg = Release|Win32
		{250B240D-BD79-4F79-91FD-E878D7E8E776}.Release|x86.Build.0 = Release|Win32
	EndGlobalSection
	GlobalSection(SolutionProperties) = preSolution
		HideSolutionNode = FALSE
	EndGlobalSection
	GlobalSection(ExtensibilityGlobals) = postSolution
		SolutionGuid = {E15D6AD8-C9FD-4883-A92F-E96FDD906713}
	EndGlobalSection
EndGlobal
